
Microsoft Visual Studio Solution File, Format Version 12.00
# Visual Studio Version 17
VisualStudioVersion = 17.6.33723.286
MinimumVisualStudioVersion = 10.0.40219.1
Project("{FAE04EC0-301F-11D3-BF4B-00C04F79EFBC}") = "Delegados", "Delegados\Delegados.csproj", "{40F18EBD-0D91-463B-9F44-722D8E2CA894}"
EndProject
Global
	GlobalSection(SolutionConfigurationPlatforms) = preSolution
		Debug|Any CPU = Debug|Any CPU
		Release|Any CPU = Release|Any CPU
	EndGlobalSection
	GlobalSection(ProjectConfigurationPlatforms) = postSolution
		{40F18EBD-0D91-463B-9F44-722D8E2CA894}.Debug|Any CPU.ActiveCfg = Debug|Any CPU
		{40F18EBD-0D91-463B-9F44-722D8E2CA894}.Debug|Any CPU.Build.0 = Debug|Any CPU
		{40F18EBD-0D91-463B-9F44-722D8E2CA894}.Release|Any CPU.ActiveCfg = Release|Any CPU
		{40F18EBD-0D91-463B-9F44-722D8E2CA894}.Release|Any CPU.Build.0 = Release|Any CPU
	EndGlobalSection
	GlobalSection(SolutionProperties) = preSolution
		HideSolutionNode = FALSE
	EndGlobalSection
	GlobalSection(ExtensibilityGlobals) = postSolution
		SolutionGuid = {A415210A-693E-4FC5-8E96-D724487D1112}
	EndGlobalSection
EndGlobal
